
Microsoft Visual Studio Solution File, Format Version 12.00
# Visual Studio 15
VisualStudioVersion = 15.0.28010.2016
MinimumVisualStudioVersion = 10.0.40219.1
Project("{8BC9CEB8-8B4A-11D0-8D11-00A0C91BC942}") = "saaText32", "saaSpool32\saaSpool32.vcxproj", "{BE5DE973-1598-498D-87E8-73637E4253C7}"
EndProject
Global
	GlobalSection(SolutionConfigurationPlatforms) = preSolution
		Debug|x64 = Debug|x64
		Debug|x86 = Debug|x86
		Release|x64 = Release|x64
		Release|x86 = Release|x86
	EndGlobalSection
	GlobalSection(ProjectConfigurationPlatforms) = postSolution
		{BE5DE973-1598-498D-87E8-73637E4253C7}.Debug|x64.ActiveCfg = Release|Win32
		{BE5DE973-1598-498D-87E8-73637E4253C7}.Debug|x64.Build.0 = Release|Win32
		{BE5DE973-1598-498D-87E8-73637E4253C7}.Debug|x86.ActiveCfg = Release|Win32
		{BE5DE973-1598-498D-87E8-73637E4253C7}.Debug|x86.Build.0 = Release|Win32
		{BE5DE973-1598-498D-87E8-73637E4253C7}.Release|x64.ActiveCfg = Release|x64
		{BE5DE973-1598-498D-87E8-73637E4253C7}.Release|x64.Build.0 = Release|x64
		{BE5DE973-1598-498D-87E8-73637E4253C7}.Release|x86.ActiveCfg = Release|Win32
		{BE5DE973-1598-498D-87E8-73637E4253C7}.Release|x86.Build.0 = Release|Win32
	EndGlobalSection
	GlobalSection(SolutionProperties) = preSolution
		HideSolutionNode = FALSE
	EndGlobalSection
	GlobalSection(ExtensibilityGlobals) = postSolution
		SolutionGuid = {C5538CB8-2D98-4911-B393-66F8FC883826}
	EndGlobalSection
EndGlobal
